
Microsoft Visual Studio Solution File, Format Version 12.00
# Visual Studio Version 17
VisualStudioVersion = 17.14.36408.4 d17.14
MinimumVisualStudioVersion = 10.0.40219.1
Project("{FAE04EC0-301F-11D3-BF4B-00C04F79EFBC}") = "Pokemon", "Pokemon\Pokemon.csproj", "{693E6CC7-20EF-486C-9616-630E0E110A17}"
EndProject
Global
	GlobalSection(SolutionConfigurationPlatforms) = preSolution
		Debug|Any CPU = Debug|Any CPU
		Release|Any CPU = Release|Any CPU
	EndGlobalSection
	GlobalSection(ProjectConfigurationPlatforms) = postSolution
		{693E6CC7-20EF-486C-9616-630E0E110A17}.Debug|Any CPU.ActiveCfg = Debug|Any CPU
		{693E6CC7-20EF-486C-9616-630E0E110A17}.Debug|Any CPU.Build.0 = Debug|Any CPU
		{693E6CC7-20EF-486C-9616-630E0E110A17}.Release|Any CPU.ActiveCfg = Release|Any CPU
		{693E6CC7-20EF-486C-9616-630E0E110A17}.Release|Any CPU.Build.0 = Release|Any CPU
	EndGlobalSection
	GlobalSection(SolutionProperties) = preSolution
		HideSolutionNode = FALSE
	EndGlobalSection
	GlobalSection(ExtensibilityGlobals) = postSolution
		SolutionGuid = {D534C9D9-AE42-4CBC-924A-AAED61A54A57}
	EndGlobalSection
EndGlobal
